# THIS IS AN AUTOGENERATED FILE. DO NOT EDIT THIS FILE DIRECTLY.
# yarn lockfile v1


"@llmariner-types/cluster-manager@git+ssh://git@github.com/llmariner/cluster-manager.git#v0.25.0":
  version "1.0.0"
  resolved "git+ssh://git@github.com/llmariner/cluster-manager.git#afd4e17aa4ee6783e41694a62ece75fcb3a8aa44"

"@llmariner-types/file-manager@git+ssh://git@github.com/llmariner/file-manager.git#v0.70.0":
  version "1.0.0"
  resolved "git+ssh://git@github.com/llmariner/file-manager.git#50d82dfd61c54966d817dc2ea5afb6ca1dd92be1"

"@llmariner-types/inference-manager@git+ssh://git@github.com/llmariner/inference-manager.git#v0.361.0":
  version "1.0.0"
  resolved "git+ssh://git@github.com/llmariner/inference-manager.git#4aaaed3a7ee6c41bcafefd30b6c53d00d3cfb1b8"

"@llmariner-types/job-manager@git+ssh://git@github.com/llmariner/job-manager.git#v0.209.0":
  version "1.0.0"
  resolved "git+ssh://git@github.com/llmariner/job-manager.git#030bf6127d1eb08249bdfcb0aa3c6c2ae746731d"

"@llmariner-types/model-manager@git+ssh://git@github.com/llmariner/model-manager.git#v0.113.0":
  version "1.0.0"
  resolved "git+ssh://git@github.com/llmariner/model-manager.git#72bcbf96edbab4a5fa1a52a46d7439472211fa08"

"@llmariner-types/rbac-manager@git+ssh://git@github.com/llmariner/rbac-manager.git#v0.107.0":
  version "1.0.0"
  resolved "git+ssh://git@github.com/llmariner/rbac-manager.git#58d4d3116248f198477a7c56cb2e85c4691dc97b"

"@llmariner-types/user-manager@git+ssh://git@github.com/llmariner/user-manager.git#v0.96.0":
  version "1.0.0"
  resolved "git+ssh://git@github.com/llmariner/user-manager.git#a17186f9ec9d80d353eb669d392b7bbda1bdf51b"

"@llmariner-types/vector-store-manager@git+ssh://git@github.com/llmariner/vector-store-manager.git#v0.53.0":
  version "1.0.0"
  resolved "git+ssh://git@github.com/llmariner/vector-store-manager.git#d9268ad1121025eb5d9eb443ee6d95c2cadd6f38"
