# THIS IS AN AUTOGENERATED FILE. DO NOT EDIT THIS FILE DIRECTLY.
# yarn lockfile v1


"@llmariner-types/cluster-manager@git+ssh://git@github.com/llmariner/cluster-manager.git#v0.25.0":
  version "1.0.0"
  resolved "git+ssh://git@github.com/llmariner/cluster-manager.git#afd4e17aa4ee6783e41694a62ece75fcb3a8aa44"

"@llmariner-types/file-manager@git+ssh://git@github.com/llmariner/file-manager.git#v0.70.0":
  version "1.0.0"
  resolved "git+ssh://git@github.com/llmariner/file-manager.git#50d82dfd61c54966d817dc2ea5afb6ca1dd92be1"

"@llmariner-types/inference-manager@git+ssh://git@github.com/llmariner/inference-manager.git#v1.3.1":
  version "1.0.0"
  resolved "git+ssh://git@github.com/llmariner/inference-manager.git#452258215d4a4688eb9840bae74033263f4edc23"

"@llmariner-types/job-manager@git+ssh://git@github.com/llmariner/job-manager.git#v0.209.0":
  version "1.0.0"
  resolved "git+ssh://git@github.com/llmariner/job-manager.git#030bf6127d1eb08249bdfcb0aa3c6c2ae746731d"

"@llmariner-types/model-manager@git+ssh://git@github.com/llmariner/model-manager.git#v0.122.0":
  version "1.0.0"
  resolved "git+ssh://git@github.com/llmariner/model-manager.git#2b7130810222aacbb329d1cd08b1f58f7fc3a39d"

"@llmariner-types/rbac-manager@git+ssh://git@github.com/llmariner/rbac-manager.git#v0.113.0":
  version "1.0.0"
  resolved "git+ssh://git@github.com/llmariner/rbac-manager.git#163c7a8d062fb1f133db2e1e98b7f8b2450e2a9c"

"@llmariner-types/user-manager@git+ssh://git@github.com/llmariner/user-manager.git#v1.1.0":
  version "1.0.0"
  resolved "git+ssh://git@github.com/llmariner/user-manager.git#fbc3b305176f3fb8dd889f1fdb8bb114af975047"

"@llmariner-types/vector-store-manager@git+ssh://git@github.com/llmariner/vector-store-manager.git#v0.53.0":
  version "1.0.0"
  resolved "git+ssh://git@github.com/llmariner/vector-store-manager.git#d9268ad1121025eb5d9eb443ee6d95c2cadd6f38"
